
Microsoft Visual Studio Solution File, Format Version 12.00
# Visual Studio Version 17
VisualStudioVersion = 17.0.31903.59
MinimumVisualStudioVersion = 10.0.40219.1
Project("{2150E333-8FDC-42A3-9474-1A3956D46DE8}") = "src", "src", "{827E0CD3-B72D-47B6-A68D-7590B98EB39B}"
EndProject
Project("{FAE04EC0-301F-11D3-BF4B-00C04F79EFBC}") = "Api", "src\Api\Api.csproj", "{11E0278F-E680-4963-8A80-C2E216A49B36}"
EndProject
Project("{FAE04EC0-301F-11D3-BF4B-00C04F79EFBC}") = "Application", "src\Application\Application.csproj", "{B0A2EBD0-2F48-4746-B346-E466BEF769B5}"
EndProject
Project("{FAE04EC0-301F-11D3-BF4B-00C04F79EFBC}") = "Domain", "src\Domain\Domain.csproj", "{957231E6-B873-493B-B01A-F8235EE5EAD7}"
EndProject
Project("{FAE04EC0-301F-11D3-BF4B-00C04F79EFBC}") = "Infrastructure", "src\Infrastructure\Infrastructure.csproj", "{EF655D04-947E-4B62-A5E1-CB6AC7A657F0}"
EndProject
Project("{2150E333-8FDC-42A3-9474-1A3956D46DE8}") = "tests", "tests", "{0AB3BF05-4346-4AA6-1389-037BE0695223}"
EndProject
Project("{FAE04EC0-301F-11D3-BF4B-00C04F79EFBC}") = "Api.Tests", "tests\Api.Tests\Api.Tests.csproj", "{984CC2D5-548E-4B50-A711-A1BAB733F3F0}"
EndProject
Project("{FAE04EC0-301F-11D3-BF4B-00C04F79EFBC}") = "Application.Tests", "tests\Application.Tests\Application.Tests.csproj", "{30295C63-9F9D-40E2-9EFA-DB8913A8F168}"
EndProject
Global
	GlobalSection(SolutionConfigurationPlatforms) = preSolution
		Debug|Any CPU = Debug|Any CPU
		Debug|x64 = Debug|x64
		Debug|x86 = Debug|x86
		Release|Any CPU = Release|Any CPU
		Release|x64 = Release|x64
		Release|x86 = Release|x86
	EndGlobalSection
	GlobalSection(ProjectConfigurationPlatforms) = postSolution
		{11E0278F-E680-4963-8A80-C2E216A49B36}.Debug|Any CPU.ActiveCfg = Debug|Any CPU
		{11E0278F-E680-4963-8A80-C2E216A49B36}.Debug|Any CPU.Build.0 = Debug|Any CPU
		{11E0278F-E680-4963-8A80-C2E216A49B36}.Debug|x64.ActiveCfg = Debug|Any CPU
		{11E0278F-E680-4963-8A80-C2E216A49B36}.Debug|x64.Build.0 = Debug|Any CPU
		{11E0278F-E680-4963-8A80-C2E216A49B36}.Debug|x86.ActiveCfg = Debug|Any CPU
		{11E0278F-E680-4963-8A80-C2E216A49B36}.Debug|x86.Build.0 = Debug|Any CPU
		{11E0278F-E680-4963-8A80-C2E216A49B36}.Release|Any CPU.ActiveCfg = Release|Any CPU
		{11E0278F-E680-4963-8A80-C2E216A49B36}.Release|Any CPU.Build.0 = Release|Any CPU
		{11E0278F-E680-4963-8A80-C2E216A49B36}.Release|x64.ActiveCfg = Release|Any CPU
		{11E0278F-E680-4963-8A80-C2E216A49B36}.Release|x64.Build.0 = Release|Any CPU
		{11E0278F-E680-4963-8A80-C2E216A49B36}.Release|x86.ActiveCfg = Release|Any CPU
		{11E0278F-E680-4963-8A80-C2E216A49B36}.Release|x86.Build.0 = Release|Any CPU
		{B0A2EBD0-2F48-4746-B346-E466BEF769B5}.Debug|Any CPU.ActiveCfg = Debug|Any CPU
		{B0A2EBD0-2F48-4746-B346-E466BEF769B5}.Debug|Any CPU.Build.0 = Debug|Any CPU
		{B0A2EBD0-2F48-4746-B346-E466BEF769B5}.Debug|x64.ActiveCfg = Debug|Any CPU
		{B0A2EBD0-2F48-4746-B346-E466BEF769B5}.Debug|x64.Build.0 = Debug|Any CPU
		{B0A2EBD0-2F48-4746-B346-E466BEF769B5}.Debug|x86.ActiveCfg = Debug|Any CPU
		{B0A2EBD0-2F48-4746-B346-E466BEF769B5}.Debug|x86.Build.0 = Debug|Any CPU
		{B0A2EBD0-2F48-4746-B346-E466BEF769B5}.Release|Any CPU.ActiveCfg = Release|Any CPU
		{B0A2EBD0-2F48-4746-B346-E466BEF769B5}.Release|Any CPU.Build.0 = Release|Any CPU
		{B0A2EBD0-2F48-4746-B346-E466BEF769B5}.Release|x64.ActiveCfg = Release|Any CPU
		{B0A2EBD0-2F48-4746-B346-E466BEF769B5}.Release|x64.Build.0 = Release|Any CPU
		{B0A2EBD0-2F48-4746-B346-E466BEF769B5}.Release|x86.ActiveCfg = Release|Any CPU
		{B0A2EBD0-2F48-4746-B346-E466BEF769B5}.Release|x86.Build.0 = Release|Any CPU
		{957231E6-B873-493B-B01A-F8235EE5EAD7}.Debug|Any CPU.ActiveCfg = Debug|Any CPU
		{957231E6-B873-493B-B01A-F8235EE5EAD7}.Debug|Any CPU.Build.0 = Debug|Any CPU
		{957231E6-B873-493B-B01A-F8235EE5EAD7}.Debug|x64.ActiveCfg = Debug|Any CPU
		{957231E6-B873-493B-B01A-F8235EE5EAD7}.Debug|x64.Build.0 = Debug|Any CPU
		{957231E6-B873-493B-B01A-F8235EE5EAD7}.Debug|x86.ActiveCfg = Debug|Any CPU
		{957231E6-B873-493B-B01A-F8235EE5EAD7}.Debug|x86.Build.0 = Debug|Any CPU
		{957231E6-B873-493B-B01A-F8235EE5EAD7}.Release|Any CPU.ActiveCfg = Release|Any CPU
		{957231E6-B873-493B-B01A-F8235EE5EAD7}.Release|Any CPU.Build.0 = Release|Any CPU
		{957231E6-B873-493B-B01A-F8235EE5EAD7}.Release|x64.ActiveCfg = Release|Any CPU
		{957231E6-B873-493B-B01A-F8235EE5EAD7}.Release|x64.Build.0 = Release|Any CPU
		{957231E6-B873-493B-B01A-F8235EE5EAD7}.Release|x86.ActiveCfg = Release|Any CPU
		{957231E6-B873-493B-B01A-F8235EE5EAD7}.Release|x86.Build.0 = Release|Any CPU
		{EF655D04-947E-4B62-A5E1-CB6AC7A657F0}.Debug|Any CPU.ActiveCfg = Debug|Any CPU
		{EF655D04-947E-4B62-A5E1-CB6AC7A657F0}.Debug|Any CPU.Build.0 = Debug|Any CPU
		{EF655D04-947E-4B62-A5E1-CB6AC7A657F0}.Debug|x64.ActiveCfg = Debug|Any CPU
		{EF655D04-947E-4B62-A5E1-CB6AC7A657F0}.Debug|x64.Build.0 = Debug|Any CPU
		{EF655D04-947E-4B62-A5E1-CB6AC7A657F0}.Debug|x86.ActiveCfg = Debug|Any CPU
		{EF655D04-947E-4B62-A5E1-CB6AC7A657F0}.Debug|x86.Build.0 = Debug|Any CPU
		{EF655D04-947E-4B62-A5E1-CB6AC7A657F0}.Release|Any CPU.ActiveCfg = Release|Any CPU
		{EF655D04-947E-4B62-A5E1-CB6AC7A657F0}.Release|Any CPU.Build.0 = Release|Any CPU
		{EF655D04-947E-4B62-A5E1-CB6AC7A657F0}.Release|x64.ActiveCfg = Release|Any CPU
		{EF655D04-947E-4B62-A5E1-CB6AC7A657F0}.Release|x64.Build.0 = Release|Any CPU
		{EF655D04-947E-4B62-A5E1-CB6AC7A657F0}.Release|x86.ActiveCfg = Release|Any CPU
		{EF655D04-947E-4B62-A5E1-CB6AC7A657F0}.Release|x86.Build.0 = Release|Any CPU
		{984CC2D5-548E-4B50-A711-A1BAB733F3F0}.Debug|Any CPU.ActiveCfg = Debug|Any CPU
		{984CC2D5-548E-4B50-A711-A1BAB733F3F0}.Debug|Any CPU.Build.0 = Debug|Any CPU
		{984CC2D5-548E-4B50-A711-A1BAB733F3F0}.Debug|x64.ActiveCfg = Debug|Any CPU
		{984CC2D5-548E-4B50-A711-A1BAB733F3F0}.Debug|x64.Build.0 = Debug|Any CPU
		{984CC2D5-548E-4B50-A711-A1BAB733F3F0}.Debug|x86.ActiveCfg = Debug|Any CPU
		{984CC2D5-548E-4B50-A711-A1BAB733F3F0}.Debug|x86.Build.0 = Debug|Any CPU
		{984CC2D5-548E-4B50-A711-A1BAB733F3F0}.Release|Any CPU.ActiveCfg = Release|Any CPU
		{984CC2D5-548E-4B50-A711-A1BAB733F3F0}.Release|Any CPU.Build.0 = Release|Any CPU
		{984CC2D5-548E-4B50-A711-A1BAB733F3F0}.Release|x64.ActiveCfg = Release|Any CPU
		{984CC2D5-548E-4B50-A711-A1BAB733F3F0}.Release|x64.Build.0 = Release|Any CPU
		{984CC2D5-548E-4B50-A711-A1BAB733F3F0}.Release|x86.ActiveCfg = Release|Any CPU
		{984CC2D5-548E-4B50-A711-A1BAB733F3F0}.Release|x86.Build.0 = Release|Any CPU
		{30295C63-9F9D-40E2-9EFA-DB8913A8F168}.Debug|Any CPU.ActiveCfg = Debug|Any CPU
		{30295C63-9F9D-40E2-9EFA-DB8913A8F168}.Debug|Any CPU.Build.0 = Debug|Any CPU
		{30295C63-9F9D-40E2-9EFA-DB8913A8F168}.Debug|x64.ActiveCfg = Debug|Any CPU
		{30295C63-9F9D-40E2-9EFA-DB8913A8F168}.Debug|x64.Build.0 = Debug|Any CPU
		{30295C63-9F9D-40E2-9EFA-DB8913A8F168}.Debug|x86.ActiveCfg = Debug|Any CPU
		{30295C63-9F9D-40E2-9EFA-DB8913A8F168}.Debug|x86.Build.0 = Debug|Any CPU
		{30295C63-9F9D-40E2-9EFA-DB8913A8F168}.Release|Any CPU.ActiveCfg = Release|Any CPU
		{30295C63-9F9D-40E2-9EFA-DB8913A8F168}.Release|Any CPU.Build.0 = Release|Any CPU
		{30295C63-9F9D-40E2-9EFA-DB8913A8F168}.Release|x64.ActiveCfg = Release|Any CPU
		{30295C63-9F9D-40E2-9EFA-DB8913A8F168}.Release|x64.Build.0 = Release|Any CPU
		{30295C63-9F9D-40E2-9EFA-DB8913A8F168}.Release|x86.ActiveCfg = Release|Any CPU
		{30295C63-9F9D-40E2-9EFA-DB8913A8F168}.Release|x86.Build.0 = Release|Any CPU
	EndGlobalSection
	GlobalSection(SolutionProperties) = preSolution
		HideSolutionNode = FALSE
	EndGlobalSection
	GlobalSection(NestedProjects) = preSolution
		{11E0278F-E680-4963-8A80-C2E216A49B36} = {827E0CD3-B72D-47B6-A68D-7590B98EB39B}
		{B0A2EBD0-2F48-4746-B346-E466BEF769B5} = {827E0CD3-B72D-47B6-A68D-7590B98EB39B}
		{957231E6-B873-493B-B01A-F8235EE5EAD7} = {827E0CD3-B72D-47B6-A68D-7590B98EB39B}
		{EF655D04-947E-4B62-A5E1-CB6AC7A657F0} = {827E0CD3-B72D-47B6-A68D-7590B98EB39B}
		{984CC2D5-548E-4B50-A711-A1BAB733F3F0} = {0AB3BF05-4346-4AA6-1389-037BE0695223}
		{30295C63-9F9D-40E2-9EFA-DB8913A8F168} = {0AB3BF05-4346-4AA6-1389-037BE0695223}
	EndGlobalSection
EndGlobal
