
Microsoft Visual Studio Solution File, Format Version 12.00
# Visual Studio Version 17
VisualStudioVersion = 17.0.31903.59
MinimumVisualStudioVersion = 10.0.40219.1
Project("{2150E333-8FDC-42A3-9474-1A3956D46DE8}") = "src", "src", "{827E0CD3-B72D-47B6-A68D-7590B98EB39B}"
EndProject
Project("{FAE04EC0-301F-11D3-BF4B-00C04F79EFBC}") = "Application", "src\Application\Application.csproj", "{B0A2EBD0-2F48-4746-B346-E466BEF769B5}"
EndProject
Project("{FAE04EC0-301F-11D3-BF4B-00C04F79EFBC}") = "Domain", "src\Domain\Domain.csproj", "{957231E6-B873-493B-B01A-F8235EE5EAD7}"
EndProject
Project("{FAE04EC0-301F-11D3-BF4B-00C04F79EFBC}") = "Infrastructure", "src\Infrastructure\Infrastructure.csproj", "{EF655D04-947E-4B62-A5E1-CB6AC7A657F0}"
EndProject
Project("{2150E333-8FDC-42A3-9474-1A3956D46DE8}") = "tests", "tests", "{0AB3BF05-4346-4AA6-1389-037BE0695223}"
EndProject
Project("{FAE04EC0-301F-11D3-BF4B-00C04F79EFBC}") = "Api.Tests", "tests\Api.Tests\Api.Tests.csproj", "{984CC2D5-548E-4B50-A711-A1BAB733F3F0}"
EndProject
Project("{FAE04EC0-301F-11D3-BF4B-00C04F79EFBC}") = "Application.Tests", "tests\Application.Tests\Application.Tests.csproj", "{30295C63-9F9D-40E2-9EFA-DB8913A8F168}"
EndProject
Project("{FAE04EC0-301F-11D3-BF4B-00C04F79EFBC}") = "WebApi", "src\WebApi\WebApi.csproj", "{2A0FBB1A-8B21-46B4-90A8-4637510960D4}"
EndProject
Project("{FAE04EC0-301F-11D3-BF4B-00C04F79EFBC}") = "Domain.Tests", "Domain.Tests\Domain.Tests.csproj", "{8ADC43C3-A607-427C-848E-44A8443E71C3}"
EndProject
Project("{FAE04EC0-301F-11D3-BF4B-00C04F79EFBC}") = "Infrastructure.Tests", "Infrastructure.Tests\Infrastructure.Tests.csproj", "{A57970F0-7537-4E1C-834C-DA78A0544F65}"
EndProject
Global
	GlobalSection(SolutionConfigurationPlatforms) = preSolution
		Debug|Any CPU = Debug|Any CPU
		Debug|x64 = Debug|x64
		Debug|x86 = Debug|x86
		Release|Any CPU = Release|Any CPU
		Release|x64 = Release|x64
		Release|x86 = Release|x86
	EndGlobalSection
	GlobalSection(ProjectConfigurationPlatforms) = postSolution
		{B0A2EBD0-2F48-4746-B346-E466BEF769B5}.Debug|Any CPU.ActiveCfg = Debug|Any CPU
		{B0A2EBD0-2F48-4746-B346-E466BEF769B5}.Debug|Any CPU.Build.0 = Debug|Any CPU
		{B0A2EBD0-2F48-4746-B346-E466BEF769B5}.Debug|x64.ActiveCfg = Debug|Any CPU
		{B0A2EBD0-2F48-4746-B346-E466BEF769B5}.Debug|x64.Build.0 = Debug|Any CPU
		{B0A2EBD0-2F48-4746-B346-E466BEF769B5}.Debug|x86.ActiveCfg = Debug|Any CPU
		{B0A2EBD0-2F48-4746-B346-E466BEF769B5}.Debug|x86.Build.0 = Debug|Any CPU
		{B0A2EBD0-2F48-4746-B346-E466BEF769B5}.Release|Any CPU.ActiveCfg = Release|Any CPU
		{B0A2EBD0-2F48-4746-B346-E466BEF769B5}.Release|Any CPU.Build.0 = Release|Any CPU
		{B0A2EBD0-2F48-4746-B346-E466BEF769B5}.Release|x64.ActiveCfg = Release|Any CPU
		{B0A2EBD0-2F48-4746-B346-E466BEF769B5}.Release|x64.Build.0 = Release|Any CPU
		{B0A2EBD0-2F48-4746-B346-E466BEF769B5}.Release|x86.ActiveCfg = Release|Any CPU
		{B0A2EBD0-2F48-4746-B346-E466BEF769B5}.Release|x86.Build.0 = Release|Any CPU
		{957231E6-B873-493B-B01A-F8235EE5EAD7}.Debug|Any CPU.ActiveCfg = Debug|Any CPU
		{957231E6-B873-493B-B01A-F8235EE5EAD7}.Debug|Any CPU.Build.0 = Debug|Any CPU
		{957231E6-B873-493B-B01A-F8235EE5EAD7}.Debug|x64.ActiveCfg = Debug|Any CPU
		{957231E6-B873-493B-B01A-F8235EE5EAD7}.Debug|x64.Build.0 = Debug|Any CPU
		{957231E6-B873-493B-B01A-F8235EE5EAD7}.Debug|x86.ActiveCfg = Debug|Any CPU
		{957231E6-B873-493B-B01A-F8235EE5EAD7}.Debug|x86.Build.0 = Debug|Any CPU
		{957231E6-B873-493B-B01A-F8235EE5EAD7}.Release|Any CPU.ActiveCfg = Release|Any CPU
		{957231E6-B873-493B-B01A-F8235EE5EAD7}.Release|Any CPU.Build.0 = Release|Any CPU
		{957231E6-B873-493B-B01A-F8235EE5EAD7}.Release|x64.ActiveCfg = Release|Any CPU
		{957231E6-B873-493B-B01A-F8235EE5EAD7}.Release|x64.Build.0 = Release|Any CPU
		{957231E6-B873-493B-B01A-F8235EE5EAD7}.Release|x86.ActiveCfg = Release|Any CPU
		{957231E6-B873-493B-B01A-F8235EE5EAD7}.Release|x86.Build.0 = Release|Any CPU
		{EF655D04-947E-4B62-A5E1-CB6AC7A657F0}.Debug|Any CPU.ActiveCfg = Debug|Any CPU
		{EF655D04-947E-4B62-A5E1-CB6AC7A657F0}.Debug|Any CPU.Build.0 = Debug|Any CPU
		{EF655D04-947E-4B62-A5E1-CB6AC7A657F0}.Debug|x64.ActiveCfg = Debug|Any CPU
		{EF655D04-947E-4B62-A5E1-CB6AC7A657F0}.Debug|x64.Build.0 = Debug|Any CPU
		{EF655D04-947E-4B62-A5E1-CB6AC7A657F0}.Debug|x86.ActiveCfg = Debug|Any CPU
		{EF655D04-947E-4B62-A5E1-CB6AC7A657F0}.Debug|x86.Build.0 = Debug|Any CPU
		{EF655D04-947E-4B62-A5E1-CB6AC7A657F0}.Release|Any CPU.ActiveCfg = Release|Any CPU
		{EF655D04-947E-4B62-A5E1-CB6AC7A657F0}.Release|Any CPU.Build.0 = Release|Any CPU
		{EF655D04-947E-4B62-A5E1-CB6AC7A657F0}.Release|x64.ActiveCfg = Release|Any CPU
		{EF655D04-947E-4B62-A5E1-CB6AC7A657F0}.Release|x64.Build.0 = Release|Any CPU
		{EF655D04-947E-4B62-A5E1-CB6AC7A657F0}.Release|x86.ActiveCfg = Release|Any CPU
		{EF655D04-947E-4B62-A5E1-CB6AC7A657F0}.Release|x86.Build.0 = Release|Any CPU
		{984CC2D5-548E-4B50-A711-A1BAB733F3F0}.Debug|Any CPU.ActiveCfg = Debug|Any CPU
		{984CC2D5-548E-4B50-A711-A1BAB733F3F0}.Debug|Any CPU.Build.0 = Debug|Any CPU
		{984CC2D5-548E-4B50-A711-A1BAB733F3F0}.Debug|x64.ActiveCfg = Debug|Any CPU
		{984CC2D5-548E-4B50-A711-A1BAB733F3F0}.Debug|x64.Build.0 = Debug|Any CPU
		{984CC2D5-548E-4B50-A711-A1BAB733F3F0}.Debug|x86.ActiveCfg = Debug|Any CPU
		{984CC2D5-548E-4B50-A711-A1BAB733F3F0}.Debug|x86.Build.0 = Debug|Any CPU
		{984CC2D5-548E-4B50-A711-A1BAB733F3F0}.Release|Any CPU.ActiveCfg = Release|Any CPU
		{984CC2D5-548E-4B50-A711-A1BAB733F3F0}.Release|Any CPU.Build.0 = Release|Any CPU
		{984CC2D5-548E-4B50-A711-A1BAB733F3F0}.Release|x64.ActiveCfg = Release|Any CPU
		{984CC2D5-548E-4B50-A711-A1BAB733F3F0}.Release|x64.Build.0 = Release|Any CPU
		{984CC2D5-548E-4B50-A711-A1BAB733F3F0}.Release|x86.ActiveCfg = Release|Any CPU
		{984CC2D5-548E-4B50-A711-A1BAB733F3F0}.Release|x86.Build.0 = Release|Any CPU
		{30295C63-9F9D-40E2-9EFA-DB8913A8F168}.Debug|Any CPU.ActiveCfg = Debug|Any CPU
		{30295C63-9F9D-40E2-9EFA-DB8913A8F168}.Debug|Any CPU.Build.0 = Debug|Any CPU
		{30295C63-9F9D-40E2-9EFA-DB8913A8F168}.Debug|x64.ActiveCfg = Debug|Any CPU
		{30295C63-9F9D-40E2-9EFA-DB8913A8F168}.Debug|x64.Build.0 = Debug|Any CPU
		{30295C63-9F9D-40E2-9EFA-DB8913A8F168}.Debug|x86.ActiveCfg = Debug|Any CPU
		{30295C63-9F9D-40E2-9EFA-DB8913A8F168}.Debug|x86.Build.0 = Debug|Any CPU
		{30295C63-9F9D-40E2-9EFA-DB8913A8F168}.Release|Any CPU.ActiveCfg = Release|Any CPU
		{30295C63-9F9D-40E2-9EFA-DB8913A8F168}.Release|Any CPU.Build.0 = Release|Any CPU
		{30295C63-9F9D-40E2-9EFA-DB8913A8F168}.Release|x64.ActiveCfg = Release|Any CPU
		{30295C63-9F9D-40E2-9EFA-DB8913A8F168}.Release|x64.Build.0 = Release|Any CPU
		{30295C63-9F9D-40E2-9EFA-DB8913A8F168}.Release|x86.ActiveCfg = Release|Any CPU
		{30295C63-9F9D-40E2-9EFA-DB8913A8F168}.Release|x86.Build.0 = Release|Any CPU
		{2A0FBB1A-8B21-46B4-90A8-4637510960D4}.Debug|Any CPU.ActiveCfg = Debug|Any CPU
		{2A0FBB1A-8B21-46B4-90A8-4637510960D4}.Debug|Any CPU.Build.0 = Debug|Any CPU
		{2A0FBB1A-8B21-46B4-90A8-4637510960D4}.Debug|x64.ActiveCfg = Debug|Any CPU
		{2A0FBB1A-8B21-46B4-90A8-4637510960D4}.Debug|x64.Build.0 = Debug|Any CPU
		{2A0FBB1A-8B21-46B4-90A8-4637510960D4}.Debug|x86.ActiveCfg = Debug|Any CPU
		{2A0FBB1A-8B21-46B4-90A8-4637510960D4}.Debug|x86.Build.0 = Debug|Any CPU
		{2A0FBB1A-8B21-46B4-90A8-4637510960D4}.Release|Any CPU.ActiveCfg = Release|Any CPU
		{2A0FBB1A-8B21-46B4-90A8-4637510960D4}.Release|Any CPU.Build.0 = Release|Any CPU
		{2A0FBB1A-8B21-46B4-90A8-4637510960D4}.Release|x64.ActiveCfg = Release|Any CPU
		{2A0FBB1A-8B21-46B4-90A8-4637510960D4}.Release|x64.Build.0 = Release|Any CPU
		{2A0FBB1A-8B21-46B4-90A8-4637510960D4}.Release|x86.ActiveCfg = Release|Any CPU
		{2A0FBB1A-8B21-46B4-90A8-4637510960D4}.Release|x86.Build.0 = Release|Any CPU
		{8ADC43C3-A607-427C-848E-44A8443E71C3}.Debug|Any CPU.ActiveCfg = Debug|Any CPU
		{8ADC43C3-A607-427C-848E-44A8443E71C3}.Debug|Any CPU.Build.0 = Debug|Any CPU
		{8ADC43C3-A607-427C-848E-44A8443E71C3}.Debug|x64.ActiveCfg = Debug|Any CPU
		{8ADC43C3-A607-427C-848E-44A8443E71C3}.Debug|x64.Build.0 = Debug|Any CPU
		{8ADC43C3-A607-427C-848E-44A8443E71C3}.Debug|x86.ActiveCfg = Debug|Any CPU
		{8ADC43C3-A607-427C-848E-44A8443E71C3}.Debug|x86.Build.0 = Debug|Any CPU
		{8ADC43C3-A607-427C-848E-44A8443E71C3}.Release|Any CPU.ActiveCfg = Release|Any CPU
		{8ADC43C3-A607-427C-848E-44A8443E71C3}.Release|Any CPU.Build.0 = Release|Any CPU
		{8ADC43C3-A607-427C-848E-44A8443E71C3}.Release|x64.ActiveCfg = Release|Any CPU
		{8ADC43C3-A607-427C-848E-44A8443E71C3}.Release|x64.Build.0 = Release|Any CPU
		{8ADC43C3-A607-427C-848E-44A8443E71C3}.Release|x86.ActiveCfg = Release|Any CPU
		{8ADC43C3-A607-427C-848E-44A8443E71C3}.Release|x86.Build.0 = Release|Any CPU
		{A57970F0-7537-4E1C-834C-DA78A0544F65}.Debug|Any CPU.ActiveCfg = Debug|Any CPU
		{A57970F0-7537-4E1C-834C-DA78A0544F65}.Debug|Any CPU.Build.0 = Debug|Any CPU
		{A57970F0-7537-4E1C-834C-DA78A0544F65}.Debug|x64.ActiveCfg = Debug|Any CPU
		{A57970F0-7537-4E1C-834C-DA78A0544F65}.Debug|x64.Build.0 = Debug|Any CPU
		{A57970F0-7537-4E1C-834C-DA78A0544F65}.Debug|x86.ActiveCfg = Debug|Any CPU
		{A57970F0-7537-4E1C-834C-DA78A0544F65}.Debug|x86.Build.0 = Debug|Any CPU
		{A57970F0-7537-4E1C-834C-DA78A0544F65}.Release|Any CPU.ActiveCfg = Release|Any CPU
		{A57970F0-7537-4E1C-834C-DA78A0544F65}.Release|Any CPU.Build.0 = Release|Any CPU
		{A57970F0-7537-4E1C-834C-DA78A0544F65}.Release|x64.ActiveCfg = Release|Any CPU
		{A57970F0-7537-4E1C-834C-DA78A0544F65}.Release|x64.Build.0 = Release|Any CPU
		{A57970F0-7537-4E1C-834C-DA78A0544F65}.Release|x86.ActiveCfg = Release|Any CPU
		{A57970F0-7537-4E1C-834C-DA78A0544F65}.Release|x86.Build.0 = Release|Any CPU
	EndGlobalSection
	GlobalSection(SolutionProperties) = preSolution
		HideSolutionNode = FALSE
	EndGlobalSection
	GlobalSection(NestedProjects) = preSolution
		{B0A2EBD0-2F48-4746-B346-E466BEF769B5} = {827E0CD3-B72D-47B6-A68D-7590B98EB39B}
		{957231E6-B873-493B-B01A-F8235EE5EAD7} = {827E0CD3-B72D-47B6-A68D-7590B98EB39B}
		{EF655D04-947E-4B62-A5E1-CB6AC7A657F0} = {827E0CD3-B72D-47B6-A68D-7590B98EB39B}
		{984CC2D5-548E-4B50-A711-A1BAB733F3F0} = {0AB3BF05-4346-4AA6-1389-037BE0695223}
		{30295C63-9F9D-40E2-9EFA-DB8913A8F168} = {0AB3BF05-4346-4AA6-1389-037BE0695223}
		{2A0FBB1A-8B21-46B4-90A8-4637510960D4} = {827E0CD3-B72D-47B6-A68D-7590B98EB39B}
		{8ADC43C3-A607-427C-848E-44A8443E71C3} = {0AB3BF05-4346-4AA6-1389-037BE0695223}
		{A57970F0-7537-4E1C-834C-DA78A0544F65} = {0AB3BF05-4346-4AA6-1389-037BE0695223}
	EndGlobalSection
	GlobalSection(ExtensibilityGlobals) = postSolution
		SolutionGuid = {646B736F-F86B-4BE5-A8CA-2B5CE427AB30}
	EndGlobalSection
EndGlobal
